
Microsoft Visual Studio Solution File, Format Version 12.00
# Visual Studio Version 16
VisualStudioVersion = 16.0.30114.105
MinimumVisualStudioVersion = 10.0.40219.1
Project("{FAE04EC0-301F-11D3-BF4B-00C04F79EFBC}") = "Sig", "Sig\Sig.csproj", "{C6AE8213-0FE1-46EE-8935-0E20CDD7168B}"
EndProject
Global
	GlobalSection(SolutionConfigurationPlatforms) = preSolution
		Debug|Any CPU = Debug|Any CPU
		Release|Any CPU = Release|Any CPU
	EndGlobalSection
	GlobalSection(ProjectConfigurationPlatforms) = postSolution
		{C6AE8213-0FE1-46EE-8935-0E20CDD7168B}.Debug|Any CPU.ActiveCfg = Debug|Any CPU
		{C6AE8213-0FE1-46EE-8935-0E20CDD7168B}.Debug|Any CPU.Build.0 = Debug|Any CPU
		{C6AE8213-0FE1-46EE-8935-0E20CDD7168B}.Release|Any CPU.ActiveCfg = Release|Any CPU
		{C6AE8213-0FE1-46EE-8935-0E20CDD7168B}.Release|Any CPU.Build.0 = Release|Any CPU
	EndGlobalSection
	GlobalSection(SolutionProperties) = preSolution
		HideSolutionNode = FALSE
	EndGlobalSection
	GlobalSection(ExtensibilityGlobals) = postSolution
		SolutionGuid = {55FB075A-7883-41D9-BDED-1F74EB2346AB}
	EndGlobalSection
EndGlobal
